
Microsoft Visual Studio Solution File, Format Version 12.00
# Visual Studio Version 16
VisualStudioVersion = 16.0.32002.261
MinimumVisualStudioVersion = 10.0.40219.1
Project("{FAE04EC0-301F-11D3-BF4B-00C04F79EFBC}") = "PersonalStoreApplication", "PersonalStoreApplication.csproj", "{B9DBE1B9-8F28-42A2-9309-E0F3C4DABBED}"
EndProject
Global
	GlobalSection(SolutionConfigurationPlatforms) = preSolution
		Debug|Any CPU = Debug|Any CPU
		Release|Any CPU = Release|Any CPU
	EndGlobalSection
	GlobalSection(ProjectConfigurationPlatforms) = postSolution
		{B9DBE1B9-8F28-42A2-9309-E0F3C4DABBED}.Debug|Any CPU.ActiveCfg = Debug|Any CPU
		{B9DBE1B9-8F28-42A2-9309-E0F3C4DABBED}.Debug|Any CPU.Build.0 = Debug|Any CPU
		{B9DBE1B9-8F28-42A2-9309-E0F3C4DABBED}.Release|Any CPU.ActiveCfg = Release|Any CPU
		{B9DBE1B9-8F28-42A2-9309-E0F3C4DABBED}.Release|Any CPU.Build.0 = Release|Any CPU
	EndGlobalSection
	GlobalSection(SolutionProperties) = preSolution
		HideSolutionNode = FALSE
	EndGlobalSection
	GlobalSection(ExtensibilityGlobals) = postSolution
		SolutionGuid = {0FE04AE7-A238-4403-B489-4DBAE2F07954}
	EndGlobalSection
EndGlobal
